
Microsoft Visual Studio Solution File, Format Version 12.00
# Visual Studio 15
VisualStudioVersion = 15.0.28307.489
MinimumVisualStudioVersion = 10.0.40219.1
Project("{FAE04EC0-301F-11D3-BF4B-00C04F79EFBC}") = "VideoFlix", "VideoFlix\VideoFlix.csproj", "{9023C68F-1797-4285-99EB-B23B093686B9}"
EndProject
Project("{FAE04EC0-301F-11D3-BF4B-00C04F79EFBC}") = "VideoFlix.Tests", "VideoFlix.Tests\VideoFlix.Tests.csproj", "{3A34C534-E56E-451E-A599-E695BD99B7C6}"
EndProject
Global
	GlobalSection(SolutionConfigurationPlatforms) = preSolution
		Debug|Any CPU = Debug|Any CPU
		Release|Any CPU = Release|Any CPU
	EndGlobalSection
	GlobalSection(ProjectConfigurationPlatforms) = postSolution
		{9023C68F-1797-4285-99EB-B23B093686B9}.Debug|Any CPU.ActiveCfg = Debug|Any CPU
		{9023C68F-1797-4285-99EB-B23B093686B9}.Debug|Any CPU.Build.0 = Debug|Any CPU
		{9023C68F-1797-4285-99EB-B23B093686B9}.Release|Any CPU.ActiveCfg = Release|Any CPU
		{9023C68F-1797-4285-99EB-B23B093686B9}.Release|Any CPU.Build.0 = Release|Any CPU
		{3A34C534-E56E-451E-A599-E695BD99B7C6}.Debug|Any CPU.ActiveCfg = Debug|Any CPU
		{3A34C534-E56E-451E-A599-E695BD99B7C6}.Debug|Any CPU.Build.0 = Debug|Any CPU
		{3A34C534-E56E-451E-A599-E695BD99B7C6}.Release|Any CPU.ActiveCfg = Release|Any CPU
		{3A34C534-E56E-451E-A599-E695BD99B7C6}.Release|Any CPU.Build.0 = Release|Any CPU
	EndGlobalSection
	GlobalSection(SolutionProperties) = preSolution
		HideSolutionNode = FALSE
	EndGlobalSection
	GlobalSection(ExtensibilityGlobals) = postSolution
		SolutionGuid = {821D6984-680A-4FED-8708-E082807D377D}
	EndGlobalSection
EndGlobal
